
Microsoft Visual Studio Solution File, Format Version 12.00
# Visual Studio 15
VisualStudioVersion = 15.0.26403.7
MinimumVisualStudioVersion = 10.0.40219.1
Project("{FAE04EC0-301F-11D3-BF4B-00C04F79EFBC}") = "Wingman", "Wingman\Wingman.csproj", "{BA51F18A-017F-4E08-819A-6511C8ED8B56}"
EndProject
Project("{FAE04EC0-301F-11D3-BF4B-00C04F79EFBC}") = "Wingman.Plugin", "Wingman.Plugin\Wingman.Plugin.csproj", "{2F92F9D3-5A6D-4543-9866-0AFE50511426}"
EndProject
Project("{2150E333-8FDC-42A3-9474-1A3956D46DE8}") = "Plugins", "Plugins", "{B0E94E20-D6A7-4964-989C-11FCF2FF08AB}"
EndProject
Project("{FAE04EC0-301F-11D3-BF4B-00C04F79EFBC}") = "MD5", "Plugins\MD5\MD5.csproj", "{305065BB-E29D-4C08-8D55-1CA93A6302F7}"
EndProject
Global
	GlobalSection(SolutionConfigurationPlatforms) = preSolution
		Debug|Any CPU = Debug|Any CPU
		Release|Any CPU = Release|Any CPU
	EndGlobalSection
	GlobalSection(ProjectConfigurationPlatforms) = postSolution
		{BA51F18A-017F-4E08-819A-6511C8ED8B56}.Debug|Any CPU.ActiveCfg = Debug|Any CPU
		{BA51F18A-017F-4E08-819A-6511C8ED8B56}.Debug|Any CPU.Build.0 = Debug|Any CPU
		{BA51F18A-017F-4E08-819A-6511C8ED8B56}.Release|Any CPU.ActiveCfg = Release|Any CPU
		{BA51F18A-017F-4E08-819A-6511C8ED8B56}.Release|Any CPU.Build.0 = Release|Any CPU
		{2F92F9D3-5A6D-4543-9866-0AFE50511426}.Debug|Any CPU.ActiveCfg = Debug|Any CPU
		{2F92F9D3-5A6D-4543-9866-0AFE50511426}.Debug|Any CPU.Build.0 = Debug|Any CPU
		{2F92F9D3-5A6D-4543-9866-0AFE50511426}.Release|Any CPU.ActiveCfg = Release|Any CPU
		{2F92F9D3-5A6D-4543-9866-0AFE50511426}.Release|Any CPU.Build.0 = Release|Any CPU
		{305065BB-E29D-4C08-8D55-1CA93A6302F7}.Debug|Any CPU.ActiveCfg = Debug|Any CPU
		{305065BB-E29D-4C08-8D55-1CA93A6302F7}.Debug|Any CPU.Build.0 = Debug|Any CPU
		{305065BB-E29D-4C08-8D55-1CA93A6302F7}.Release|Any CPU.ActiveCfg = Release|Any CPU
		{305065BB-E29D-4C08-8D55-1CA93A6302F7}.Release|Any CPU.Build.0 = Release|Any CPU
	EndGlobalSection
	GlobalSection(SolutionProperties) = preSolution
		HideSolutionNode = FALSE
	EndGlobalSection
	GlobalSection(NestedProjects) = preSolution
		{305065BB-E29D-4C08-8D55-1CA93A6302F7} = {B0E94E20-D6A7-4964-989C-11FCF2FF08AB}
	EndGlobalSection
EndGlobal
